
Microsoft Visual Studio Solution File, Format Version 12.00
# Visual Studio Version 16
VisualStudioVersion = 16.0.36631.11
MinimumVisualStudioVersion = 10.0.40219.1
Project("{FAE04EC0-301F-11D3-BF4B-00C04F79EFBC}") = "Pool_v1.0.0", "Pool_v1.0.0.csproj", "{AD5A41E2-C275-419E-A576-406E9522FAF3}"
EndProject
Global
	GlobalSection(SolutionConfigurationPlatforms) = preSolution
		Debug|Any CPU = Debug|Any CPU
		Release|Any CPU = Release|Any CPU
	EndGlobalSection
	GlobalSection(ProjectConfigurationPlatforms) = postSolution
		{AD5A41E2-C275-419E-A576-406E9522FAF3}.Debug|Any CPU.ActiveCfg = Debug|Any CPU
		{AD5A41E2-C275-419E-A576-406E9522FAF3}.Debug|Any CPU.Build.0 = Debug|Any CPU
		{AD5A41E2-C275-419E-A576-406E9522FAF3}.Release|Any CPU.ActiveCfg = Release|Any CPU
		{AD5A41E2-C275-419E-A576-406E9522FAF3}.Release|Any CPU.Build.0 = Release|Any CPU
	EndGlobalSection
	GlobalSection(SolutionProperties) = preSolution
		HideSolutionNode = FALSE
	EndGlobalSection
	GlobalSection(ExtensibilityGlobals) = postSolution
		SolutionGuid = {C95DE3DE-15FF-4557-A01F-987CC53C8825}
	EndGlobalSection
EndGlobal
